
Microsoft Visual Studio Solution File, Format Version 12.00
# Visual Studio Version 17
VisualStudioVersion = 17.7.34302.85
MinimumVisualStudioVersion = 10.0.40219.1
Project("{9A19103F-16F7-4668-BE54-9A1E7A4F7556}") = "MIBackupFix", "MIBackupFix\MIBackupFix.csproj", "{23DA22BC-950D-48BD-963A-77FF9A3DE93C}"
EndProject
Global
	GlobalSection(SolutionConfigurationPlatforms) = preSolution
		Debug|Any CPU = Debug|Any CPU
		Release|Any CPU = Release|Any CPU
	EndGlobalSection
	GlobalSection(ProjectConfigurationPlatforms) = postSolution
		{23DA22BC-950D-48BD-963A-77FF9A3DE93C}.Debug|Any CPU.ActiveCfg = Debug|Any CPU
		{23DA22BC-950D-48BD-963A-77FF9A3DE93C}.Debug|Any CPU.Build.0 = Debug|Any CPU
		{23DA22BC-950D-48BD-963A-77FF9A3DE93C}.Release|Any CPU.ActiveCfg = Release|Any CPU
		{23DA22BC-950D-48BD-963A-77FF9A3DE93C}.Release|Any CPU.Build.0 = Release|Any CPU
	EndGlobalSection
	GlobalSection(SolutionProperties) = preSolution
		HideSolutionNode = FALSE
	EndGlobalSection
	GlobalSection(ExtensibilityGlobals) = postSolution
		SolutionGuid = {91697459-200A-43FA-930F-B9B41B11D962}
	EndGlobalSection
EndGlobal
